
Microsoft Visual Studio Solution File, Format Version 12.00
# Visual Studio Version 16
VisualStudioVersion = 16.0.30320.27
MinimumVisualStudioVersion = 10.0.40219.1
Project("{FAE04EC0-301F-11D3-BF4B-00C04F79EFBC}") = "A133590.Ejercicio8", "A133590.Ejercicio8.csproj", "{F77FD2F7-FFD9-4CAB-898B-D71E4091103E}"
EndProject
Global
	GlobalSection(SolutionConfigurationPlatforms) = preSolution
		Debug|Any CPU = Debug|Any CPU
		Release|Any CPU = Release|Any CPU
	EndGlobalSection
	GlobalSection(ProjectConfigurationPlatforms) = postSolution
		{F77FD2F7-FFD9-4CAB-898B-D71E4091103E}.Debug|Any CPU.ActiveCfg = Debug|Any CPU
		{F77FD2F7-FFD9-4CAB-898B-D71E4091103E}.Debug|Any CPU.Build.0 = Debug|Any CPU
		{F77FD2F7-FFD9-4CAB-898B-D71E4091103E}.Release|Any CPU.ActiveCfg = Release|Any CPU
		{F77FD2F7-FFD9-4CAB-898B-D71E4091103E}.Release|Any CPU.Build.0 = Release|Any CPU
	EndGlobalSection
	GlobalSection(SolutionProperties) = preSolution
		HideSolutionNode = FALSE
	EndGlobalSection
	GlobalSection(ExtensibilityGlobals) = postSolution
		SolutionGuid = {112F522E-CD4C-4326-B603-E361B8360A53}
	EndGlobalSection
EndGlobal
